
Microsoft Visual Studio Solution File, Format Version 12.00
# Visual Studio Version 16
VisualStudioVersion = 25.0.1706.8
MinimumVisualStudioVersion = 10.0.40219.1
Project("{FAE04EC0-301F-11D3-BF4B-00C04F79EFBC}") = "iBayProjet", "iBayProjet\iBayProjet.csproj", "{FB914929-6B75-405B-909F-D777C1C1CD82}"
EndProject
Global
	GlobalSection(SolutionConfigurationPlatforms) = preSolution
		Debug|Any CPU = Debug|Any CPU
		Release|Any CPU = Release|Any CPU
	EndGlobalSection
	GlobalSection(ProjectConfigurationPlatforms) = postSolution
		{FB914929-6B75-405B-909F-D777C1C1CD82}.Debug|Any CPU.ActiveCfg = Debug|Any CPU
		{FB914929-6B75-405B-909F-D777C1C1CD82}.Debug|Any CPU.Build.0 = Debug|Any CPU
		{FB914929-6B75-405B-909F-D777C1C1CD82}.Release|Any CPU.ActiveCfg = Release|Any CPU
		{FB914929-6B75-405B-909F-D777C1C1CD82}.Release|Any CPU.Build.0 = Release|Any CPU
	EndGlobalSection
	GlobalSection(SolutionProperties) = preSolution
		HideSolutionNode = FALSE
	EndGlobalSection
	GlobalSection(ExtensibilityGlobals) = postSolution
		SolutionGuid = {6E3F211C-A793-41AE-B1B7-3556B3E16C7D}
	EndGlobalSection
EndGlobal
